// !$*UTF8*$!
{
	archiveVersion = 1;
	classes = {
	};
	objectVersion = 56;
	objects = {

/* Begin PBXBuildFile section */
		B6AA7FB22BA0D2F600B78709 /* AppDelegate.swift in Sources */ = {isa = PBXBuildFile; fileRef = B6AA7FB12BA0D2F600B78709 /* AppDelegate.swift */; };
		B6AA7FB42BA0D2F600B78709 /* SceneDelegate.swift in Sources */ = {isa = PBXBuildFile; fileRef = B6AA7FB32BA0D2F600B78709 /* SceneDelegate.swift */; };
		B6AA7FBB2BA0D2F800B78709 /* Assets.xcassets in Resources */ = {isa = PBXBuildFile; fileRef = B6AA7FBA2BA0D2F800B78709 /* Assets.xcassets */; };
		B6AA7FBE2BA0D2F800B78709 /* Base in Resources */ = {isa = PBXBuildFile; fileRef = B6AA7FBD2BA0D2F800B78709 /* Base */; };
		B6AA7FC62BA0D80600B78709 /* SearchViewController.swift in Sources */ = {isa = PBXBuildFile; fileRef = B6AA7FC52BA0D80600B78709 /* SearchViewController.swift */; };
		B6AA7FC82BA0D83D00B78709 /* FavouritesListViewController.swift in Sources */ = {isa = PBXBuildFile; fileRef = B6AA7FC72BA0D83D00B78709 /* FavouritesListViewController.swift */; };
		B6AA7FCA2BA0DBBA00B78709 /* CustomButton.swift in Sources */ = {isa = PBXBuildFile; fileRef = B6AA7FC92BA0DBBA00B78709 /* CustomButton.swift */; };
		B6AA7FCC2BA0DFA100B78709 /* CustomTextField.swift in Sources */ = {isa = PBXBuildFile; fileRef = B6AA7FCB2BA0DFA100B78709 /* CustomTextField.swift */; };
		B6AA7FCE2BA2247E00B78709 /* FollowerListViewController.swift in Sources */ = {isa = PBXBuildFile; fileRef = B6AA7FCD2BA2247E00B78709 /* FollowerListViewController.swift */; };
		B6AA7FD02BA229DE00B78709 /* CustomTitleLabel.swift in Sources */ = {isa = PBXBuildFile; fileRef = B6AA7FCF2BA229DE00B78709 /* CustomTitleLabel.swift */; };
		B6AA7FD22BA22AF700B78709 /* CustomBodyLabel.swift in Sources */ = {isa = PBXBuildFile; fileRef = B6AA7FD12BA22AF700B78709 /* CustomBodyLabel.swift */; };
		B6AA7FD42BA22B9100B78709 /* CustomAlertViewController.swift in Sources */ = {isa = PBXBuildFile; fileRef = B6AA7FD32BA22B9100B78709 /* CustomAlertViewController.swift */; };
		B6AA7FD62BA230C200B78709 /* UIViewController+Ext.swift in Sources */ = {isa = PBXBuildFile; fileRef = B6AA7FD52BA230C200B78709 /* UIViewController+Ext.swift */; };
		B6AA7FDD2BA2DFA900B78709 /* FollowerModel.swift in Sources */ = {isa = PBXBuildFile; fileRef = B6AA7FDC2BA2DFA900B78709 /* FollowerModel.swift */; };
		B6AA7FDF2BA2E04400B78709 /* UserModel.swift in Sources */ = {isa = PBXBuildFile; fileRef = B6AA7FDE2BA2E04400B78709 /* UserModel.swift */; };
		B6AA7FE22BA2E6F900B78709 /* NetworkManager.swift in Sources */ = {isa = PBXBuildFile; fileRef = B6AA7FE12BA2E6F900B78709 /* NetworkManager.swift */; };
		B6AA7FE52BA2F02100B78709 /* ErrorMessage.swift in Sources */ = {isa = PBXBuildFile; fileRef = B6AA7FE42BA2F02100B78709 /* ErrorMessage.swift */; };
		B6AA7FE82BA2F62D00B78709 /* FollowerCell.swift in Sources */ = {isa = PBXBuildFile; fileRef = B6AA7FE72BA2F62D00B78709 /* FollowerCell.swift */; };
		B6AA7FEA2BA2F69200B78709 /* CustomAvatarImageView.swift in Sources */ = {isa = PBXBuildFile; fileRef = B6AA7FE92BA2F69200B78709 /* CustomAvatarImageView.swift */; };
		B6AA7FEC2BA3819100B78709 /* UIHelper.swift in Sources */ = {isa = PBXBuildFile; fileRef = B6AA7FEB2BA3819100B78709 /* UIHelper.swift */; };
		B6AA7FF42BA4AC5200B78709 /* CustomEmptyStateView.swift in Sources */ = {isa = PBXBuildFile; fileRef = B6AA7FF32BA4AC5200B78709 /* CustomEmptyStateView.swift */; };
		B6AA7FF62BA4B4E900B78709 /* UserInfoViewController.swift in Sources */ = {isa = PBXBuildFile; fileRef = B6AA7FF52BA4B4E900B78709 /* UserInfoViewController.swift */; };
		B6AA7FF82BA4DD5000B78709 /* CustomUserInfoHeaderViewController.swift in Sources */ = {isa = PBXBuildFile; fileRef = B6AA7FF72BA4DD5000B78709 /* CustomUserInfoHeaderViewController.swift */; };
		B6AA7FFC2BA4DDCD00B78709 /* CustomSecondaryTitleLabel.swift in Sources */ = {isa = PBXBuildFile; fileRef = B6AA7FFB2BA4DDCD00B78709 /* CustomSecondaryTitleLabel.swift */; };
		B6AA7FFE2BA4E2C500B78709 /* Consts.swift in Sources */ = {isa = PBXBuildFile; fileRef = B6AA7FFD2BA4E2C500B78709 /* Consts.swift */; };
		B6AA80002BA58E5B00B78709 /* CustomItemInfoView.swift in Sources */ = {isa = PBXBuildFile; fileRef = B6AA7FFF2BA58E5B00B78709 /* CustomItemInfoView.swift */; };
		B6AA80022BA5921200B78709 /* CustomItemInfoViewController.swift in Sources */ = {isa = PBXBuildFile; fileRef = B6AA80012BA5921200B78709 /* CustomItemInfoViewController.swift */; };
		B6AA80062BA5954400B78709 /* CustomRepoItemViewController.swift in Sources */ = {isa = PBXBuildFile; fileRef = B6AA80052BA5954400B78709 /* CustomRepoItemViewController.swift */; };
		B6AA80082BA5962400B78709 /* CustomFollowItemViewController.swift in Sources */ = {isa = PBXBuildFile; fileRef = B6AA80072BA5962400B78709 /* CustomFollowItemViewController.swift */; };
		B6AA800B2BA5987200B78709 /* Date+Ext.swift in Sources */ = {isa = PBXBuildFile; fileRef = B6AA800A2BA5987200B78709 /* Date+Ext.swift */; };
		B6AA800D2BA5989900B78709 /* String+Ext.swift in Sources */ = {isa = PBXBuildFile; fileRef = B6AA800C2BA5989900B78709 /* String+Ext.swift */; };
/* End PBXBuildFile section */

/* Begin PBXFileReference section */
		B6AA7FAE2BA0D2F600B78709 /* GHFollowers.app */ = {isa = PBXFileReference; explicitFileType = wrapper.application; includeInIndex = 0; path = GHFollowers.app; sourceTree = BUILT_PRODUCTS_DIR; };
		B6AA7FB12BA0D2F600B78709 /* AppDelegate.swift */ = {isa = PBXFileReference; lastKnownFileType = sourcecode.swift; path = AppDelegate.swift; sourceTree = "<group>"; };
		B6AA7FB32BA0D2F600B78709 /* SceneDelegate.swift */ = {isa = PBXFileReference; lastKnownFileType = sourcecode.swift; path = SceneDelegate.swift; sourceTree = "<group>"; };
		B6AA7FBA2BA0D2F800B78709 /* Assets.xcassets */ = {isa = PBXFileReference; lastKnownFileType = folder.assetcatalog; path = Assets.xcassets; sourceTree = "<group>"; };
		B6AA7FBD2BA0D2F800B78709 /* Base */ = {isa = PBXFileReference; lastKnownFileType = file.storyboard; name = Base; path = Base.lproj/LaunchScreen.storyboard; sourceTree = "<group>"; };
		B6AA7FBF2BA0D2F800B78709 /* Info.plist */ = {isa = PBXFileReference; lastKnownFileType = text.plist.xml; path = Info.plist; sourceTree = "<group>"; };
		B6AA7FC52BA0D80600B78709 /* SearchViewController.swift */ = {isa = PBXFileReference; lastKnownFileType = sourcecode.swift; path = SearchViewController.swift; sourceTree = "<group>"; };
		B6AA7FC72BA0D83D00B78709 /* FavouritesListViewController.swift */ = {isa = PBXFileReference; lastKnownFileType = sourcecode.swift; path = FavouritesListViewController.swift; sourceTree = "<group>"; };
		B6AA7FC92BA0DBBA00B78709 /* CustomButton.swift */ = {isa = PBXFileReference; lastKnownFileType = sourcecode.swift; path = CustomButton.swift; sourceTree = "<group>"; };
		B6AA7FCB2BA0DFA100B78709 /* CustomTextField.swift */ = {isa = PBXFileReference; lastKnownFileType = sourcecode.swift; path = CustomTextField.swift; sourceTree = "<group>"; };
		B6AA7FCD2BA2247E00B78709 /* FollowerListViewController.swift */ = {isa = PBXFileReference; lastKnownFileType = sourcecode.swift; path = FollowerListViewController.swift; sourceTree = "<group>"; };
		B6AA7FCF2BA229DE00B78709 /* CustomTitleLabel.swift */ = {isa = PBXFileReference; lastKnownFileType = sourcecode.swift; path = CustomTitleLabel.swift; sourceTree = "<group>"; };
		B6AA7FD12BA22AF700B78709 /* CustomBodyLabel.swift */ = {isa = PBXFileReference; lastKnownFileType = sourcecode.swift; path = CustomBodyLabel.swift; sourceTree = "<group>"; };
		B6AA7FD32BA22B9100B78709 /* CustomAlertViewController.swift */ = {isa = PBXFileReference; lastKnownFileType = sourcecode.swift; path = CustomAlertViewController.swift; sourceTree = "<group>"; };
		B6AA7FD52BA230C200B78709 /* UIViewController+Ext.swift */ = {isa = PBXFileReference; lastKnownFileType = sourcecode.swift; path = "UIViewController+Ext.swift"; sourceTree = "<group>"; };
		B6AA7FDC2BA2DFA900B78709 /* FollowerModel.swift */ = {isa = PBXFileReference; lastKnownFileType = sourcecode.swift; path = FollowerModel.swift; sourceTree = "<group>"; };
		B6AA7FDE2BA2E04400B78709 /* UserModel.swift */ = {isa = PBXFileReference; lastKnownFileType = sourcecode.swift; path = UserModel.swift; sourceTree = "<group>"; };
		B6AA7FE12BA2E6F900B78709 /* NetworkManager.swift */ = {isa = PBXFileReference; lastKnownFileType = sourcecode.swift; path = NetworkManager.swift; sourceTree = "<group>"; };
		B6AA7FE42BA2F02100B78709 /* ErrorMessage.swift */ = {isa = PBXFileReference; lastKnownFileType = sourcecode.swift; path = ErrorMessage.swift; sourceTree = "<group>"; };
		B6AA7FE72BA2F62D00B78709 /* FollowerCell.swift */ = {isa = PBXFileReference; lastKnownFileType = sourcecode.swift; path = FollowerCell.swift; sourceTree = "<group>"; };
		B6AA7FE92BA2F69200B78709 /* CustomAvatarImageView.swift */ = {isa = PBXFileReference; lastKnownFileType = sourcecode.swift; path = CustomAvatarImageView.swift; sourceTree = "<group>"; };
		B6AA7FEB2BA3819100B78709 /* UIHelper.swift */ = {isa = PBXFileReference; lastKnownFileType = sourcecode.swift; path = UIHelper.swift; sourceTree = "<group>"; };
		B6AA7FF32BA4AC5200B78709 /* CustomEmptyStateView.swift */ = {isa = PBXFileReference; lastKnownFileType = sourcecode.swift; path = CustomEmptyStateView.swift; sourceTree = "<group>"; };
		B6AA7FF52BA4B4E900B78709 /* UserInfoViewController.swift */ = {isa = PBXFileReference; lastKnownFileType = sourcecode.swift; path = UserInfoViewController.swift; sourceTree = "<group>"; };
		B6AA7FF72BA4DD5000B78709 /* CustomUserInfoHeaderViewController.swift */ = {isa = PBXFileReference; lastKnownFileType = sourcecode.swift; path = CustomUserInfoHeaderViewController.swift; sourceTree = "<group>"; };
		B6AA7FFB2BA4DDCD00B78709 /* CustomSecondaryTitleLabel.swift */ = {isa = PBXFileReference; lastKnownFileType = sourcecode.swift; path = CustomSecondaryTitleLabel.swift; sourceTree = "<group>"; };
		B6AA7FFD2BA4E2C500B78709 /* Consts.swift */ = {isa = PBXFileReference; lastKnownFileType = sourcecode.swift; path = Consts.swift; sourceTree = "<group>"; };
		B6AA7FFF2BA58E5B00B78709 /* CustomItemInfoView.swift */ = {isa = PBXFileReference; lastKnownFileType = sourcecode.swift; path = CustomItemInfoView.swift; sourceTree = "<group>"; };
		B6AA80012BA5921200B78709 /* CustomItemInfoViewController.swift */ = {isa = PBXFileReference; lastKnownFileType = sourcecode.swift; path = CustomItemInfoViewController.swift; sourceTree = "<group>"; };
		B6AA80052BA5954400B78709 /* CustomRepoItemViewController.swift */ = {isa = PBXFileReference; lastKnownFileType = sourcecode.swift; path = CustomRepoItemViewController.swift; sourceTree = "<group>"; };
		B6AA80072BA5962400B78709 /* CustomFollowItemViewController.swift */ = {isa = PBXFileReference; lastKnownFileType = sourcecode.swift; path = CustomFollowItemViewController.swift; sourceTree = "<group>"; };
		B6AA800A2BA5987200B78709 /* Date+Ext.swift */ = {isa = PBXFileReference; lastKnownFileType = sourcecode.swift; path = "Date+Ext.swift"; sourceTree = "<group>"; };
		B6AA800C2BA5989900B78709 /* String+Ext.swift */ = {isa = PBXFileReference; lastKnownFileType = sourcecode.swift; path = "String+Ext.swift"; sourceTree = "<group>"; };
/* End PBXFileReference section */

/* Begin PBXFrameworksBuildPhase section */
		B6AA7FAB2BA0D2F600B78709 /* Frameworks */ = {
			isa = PBXFrameworksBuildPhase;
			buildActionMask = 2147483647;
			files = (
			);
			runOnlyForDeploymentPostprocessing = 0;
		};
/* End PBXFrameworksBuildPhase section */

/* Begin PBXGroup section */
		B6AA7FA52BA0D2F600B78709 = {
			isa = PBXGroup;
			children = (
				B6AA7FB02BA0D2F600B78709 /* GHFollowers */,
				B6AA7FAF2BA0D2F600B78709 /* Products */,
			);
			sourceTree = "<group>";
		};
		B6AA7FAF2BA0D2F600B78709 /* Products */ = {
			isa = PBXGroup;
			children = (
				B6AA7FAE2BA0D2F600B78709 /* GHFollowers.app */,
			);
			name = Products;
			sourceTree = "<group>";
		};
		B6AA7FB02BA0D2F600B78709 /* GHFollowers */ = {
			isa = PBXGroup;
			children = (
				B6AA7FBF2BA0D2F800B78709 /* Info.plist */,
				B6AA7FE32BA2F00000B78709 /* Utilities */,
				B6AA7FE02BA2E6CF00B78709 /* Managers */,
				B6AA7FDB2BA2DF9C00B78709 /* Model */,
				B6AA7FDA2BA2344500B78709 /* Support */,
				B6AA7FD92BA233DF00B78709 /* Extension */,
				B6AA7FD82BA233A900B78709 /* CustomViews */,
				B6AA7FD72BA2337500B78709 /* Controller */,
			);
			path = GHFollowers;
			sourceTree = "<group>";
		};
		B6AA7FD72BA2337500B78709 /* Controller */ = {
			isa = PBXGroup;
			children = (
				B6AA7FC72BA0D83D00B78709 /* FavouritesListViewController.swift */,
				B6AA7FCD2BA2247E00B78709 /* FollowerListViewController.swift */,
				B6AA7FC52BA0D80600B78709 /* SearchViewController.swift */,
				B6AA7FF52BA4B4E900B78709 /* UserInfoViewController.swift */,
			);
			path = Controller;
			sourceTree = "<group>";
		};
		B6AA7FD82BA233A900B78709 /* CustomViews */ = {
			isa = PBXGroup;
			children = (
				B6AA7FF22BA4AC1D00B78709 /* Labels */,
				B6AA7FF12BA4ABD000B78709 /* ViewControllers */,
				B6AA7FF02BA4ABC400B78709 /* ImageViews */,
				B6AA7FEF2BA4ABB500B78709 /* TextFields */,
				B6AA7FEE2BA4ABAB00B78709 /* Views */,
				B6AA7FED2BA4ABA400B78709 /* Buttons */,
				B6AA7FE62BA2F60100B78709 /* Cells */,
			);
			path = CustomViews;
			sourceTree = "<group>";
		};
		B6AA7FD92BA233DF00B78709 /* Extension */ = {
			isa = PBXGroup;
			children = (
				B6AA7FD52BA230C200B78709 /* UIViewController+Ext.swift */,
				B6AA800A2BA5987200B78709 /* Date+Ext.swift */,
				B6AA800C2BA5989900B78709 /* String+Ext.swift */,
			);
			path = Extension;
			sourceTree = "<group>";
		};
		B6AA7FDA2BA2344500B78709 /* Support */ = {
			isa = PBXGroup;
			children = (
				B6AA7FBA2BA0D2F800B78709 /* Assets.xcassets */,
				B6AA7FBC2BA0D2F800B78709 /* LaunchScreen.storyboard */,
				B6AA7FB12BA0D2F600B78709 /* AppDelegate.swift */,
				B6AA7FB32BA0D2F600B78709 /* SceneDelegate.swift */,
			);
			path = Support;
			sourceTree = "<group>";
		};
		B6AA7FDB2BA2DF9C00B78709 /* Model */ = {
			isa = PBXGroup;
			children = (
				B6AA7FDC2BA2DFA900B78709 /* FollowerModel.swift */,
				B6AA7FDE2BA2E04400B78709 /* UserModel.swift */,
			);
			path = Model;
			sourceTree = "<group>";
		};
		B6AA7FE02BA2E6CF00B78709 /* Managers */ = {
			isa = PBXGroup;
			children = (
				B6AA7FE12BA2E6F900B78709 /* NetworkManager.swift */,
			);
			path = Managers;
			sourceTree = "<group>";
		};
		B6AA7FE32BA2F00000B78709 /* Utilities */ = {
			isa = PBXGroup;
			children = (
				B6AA7FE42BA2F02100B78709 /* ErrorMessage.swift */,
				B6AA7FEB2BA3819100B78709 /* UIHelper.swift */,
				B6AA7FFD2BA4E2C500B78709 /* Consts.swift */,
			);
			path = Utilities;
			sourceTree = "<group>";
		};
		B6AA7FE62BA2F60100B78709 /* Cells */ = {
			isa = PBXGroup;
			children = (
				B6AA7FE72BA2F62D00B78709 /* FollowerCell.swift */,
			);
			path = Cells;
			sourceTree = "<group>";
		};
		B6AA7FED2BA4ABA400B78709 /* Buttons */ = {
			isa = PBXGroup;
			children = (
				B6AA7FC92BA0DBBA00B78709 /* CustomButton.swift */,
			);
			path = Buttons;
			sourceTree = "<group>";
		};
		B6AA7FEE2BA4ABAB00B78709 /* Views */ = {
			isa = PBXGroup;
			children = (
				B6AA7FF32BA4AC5200B78709 /* CustomEmptyStateView.swift */,
				B6AA7FFF2BA58E5B00B78709 /* CustomItemInfoView.swift */,
			);
			path = Views;
			sourceTree = "<group>";
		};
		B6AA7FEF2BA4ABB500B78709 /* TextFields */ = {
			isa = PBXGroup;
			children = (
				B6AA7FCB2BA0DFA100B78709 /* CustomTextField.swift */,
			);
			path = TextFields;
			sourceTree = "<group>";
		};
		B6AA7FF02BA4ABC400B78709 /* ImageViews */ = {
			isa = PBXGroup;
			children = (
				B6AA7FE92BA2F69200B78709 /* CustomAvatarImageView.swift */,
			);
			path = ImageViews;
			sourceTree = "<group>";
		};
		B6AA7FF12BA4ABD000B78709 /* ViewControllers */ = {
			isa = PBXGroup;
			children = (
				B6AA80092BA5966F00B78709 /* ItemInfoViewControllers */,
				B6AA7FD32BA22B9100B78709 /* CustomAlertViewController.swift */,
				B6AA7FF72BA4DD5000B78709 /* CustomUserInfoHeaderViewController.swift */,
			);
			path = ViewControllers;
			sourceTree = "<group>";
		};
		B6AA7FF22BA4AC1D00B78709 /* Labels */ = {
			isa = PBXGroup;
			children = (
				B6AA7FCF2BA229DE00B78709 /* CustomTitleLabel.swift */,
				B6AA7FD12BA22AF700B78709 /* CustomBodyLabel.swift */,
				B6AA7FFB2BA4DDCD00B78709 /* CustomSecondaryTitleLabel.swift */,
			);
			path = Labels;
			sourceTree = "<group>";
		};
		B6AA80092BA5966F00B78709 /* ItemInfoViewControllers */ = {
			isa = PBXGroup;
			children = (
				B6AA80012BA5921200B78709 /* CustomItemInfoViewController.swift */,
				B6AA80052BA5954400B78709 /* CustomRepoItemViewController.swift */,
				B6AA80072BA5962400B78709 /* CustomFollowItemViewController.swift */,
			);
			path = ItemInfoViewControllers;
			sourceTree = "<group>";
		};
/* End PBXGroup section */

/* Begin PBXNativeTarget section */
		B6AA7FAD2BA0D2F600B78709 /* GHFollowers */ = {
			isa = PBXNativeTarget;
			buildConfigurationList = B6AA7FC22BA0D2F800B78709 /* Build configuration list for PBXNativeTarget "GHFollowers" */;
			buildPhases = (
				B6AA7FAA2BA0D2F600B78709 /* Sources */,
				B6AA7FAB2BA0D2F600B78709 /* Frameworks */,
				B6AA7FAC2BA0D2F600B78709 /* Resources */,
			);
			buildRules = (
			);
			dependencies = (
			);
			name = GHFollowers;
			productName = GHFollowers;
			productReference = B6AA7FAE2BA0D2F600B78709 /* GHFollowers.app */;
			productType = "com.apple.product-type.application";
		};
/* End PBXNativeTarget section */

/* Begin PBXProject section */
		B6AA7FA62BA0D2F600B78709 /* Project object */ = {
			isa = PBXProject;
			attributes = {
				BuildIndependentTargetsInParallel = 1;
				LastSwiftUpdateCheck = 1530;
				LastUpgradeCheck = 1530;
				TargetAttributes = {
					B6AA7FAD2BA0D2F600B78709 = {
						CreatedOnToolsVersion = 15.3;
					};
				};
			};
			buildConfigurationList = B6AA7FA92BA0D2F600B78709 /* Build configuration list for PBXProject "GHFollowers" */;
			compatibilityVersion = "Xcode 14.0";
			developmentRegion = en;
			hasScannedForEncodings = 0;
			knownRegions = (
				en,
				Base,
			);
			mainGroup = B6AA7FA52BA0D2F600B78709;
			productRefGroup = B6AA7FAF2BA0D2F600B78709 /* Products */;
			projectDirPath = "";
			projectRoot = "";
			targets = (
				B6AA7FAD2BA0D2F600B78709 /* GHFollowers */,
			);
		};
/* End PBXProject section */

/* Begin PBXResourcesBuildPhase section */
		B6AA7FAC2BA0D2F600B78709 /* Resources */ = {
			isa = PBXResourcesBuildPhase;
			buildActionMask = 2147483647;
			files = (
				B6AA7FBB2BA0D2F800B78709 /* Assets.xcassets in Resources */,
				B6AA7FBE2BA0D2F800B78709 /* Base in Resources */,
			);
			runOnlyForDeploymentPostprocessing = 0;
		};
/* End PBXResourcesBuildPhase section */

/* Begin PBXSourcesBuildPhase section */
		B6AA7FAA2BA0D2F600B78709 /* Sources */ = {
			isa = PBXSourcesBuildPhase;
			buildActionMask = 2147483647;
			files = (
				B6AA7FC82BA0D83D00B78709 /* FavouritesListViewController.swift in Sources */,
				B6AA7FC62BA0D80600B78709 /* SearchViewController.swift in Sources */,
				B6AA7FD22BA22AF700B78709 /* CustomBodyLabel.swift in Sources */,
				B6AA800D2BA5989900B78709 /* String+Ext.swift in Sources */,
				B6AA7FD62BA230C200B78709 /* UIViewController+Ext.swift in Sources */,
				B6AA80002BA58E5B00B78709 /* CustomItemInfoView.swift in Sources */,
				B6AA7FCC2BA0DFA100B78709 /* CustomTextField.swift in Sources */,
				B6AA7FEC2BA3819100B78709 /* UIHelper.swift in Sources */,
				B6AA7FDF2BA2E04400B78709 /* UserModel.swift in Sources */,
				B6AA7FFC2BA4DDCD00B78709 /* CustomSecondaryTitleLabel.swift in Sources */,
				B6AA7FFE2BA4E2C500B78709 /* Consts.swift in Sources */,
				B6AA80062BA5954400B78709 /* CustomRepoItemViewController.swift in Sources */,
				B6AA7FDD2BA2DFA900B78709 /* FollowerModel.swift in Sources */,
				B6AA7FF42BA4AC5200B78709 /* CustomEmptyStateView.swift in Sources */,
				B6AA7FE82BA2F62D00B78709 /* FollowerCell.swift in Sources */,
				B6AA7FE52BA2F02100B78709 /* ErrorMessage.swift in Sources */,
				B6AA7FB22BA0D2F600B78709 /* AppDelegate.swift in Sources */,
				B6AA7FEA2BA2F69200B78709 /* CustomAvatarImageView.swift in Sources */,
				B6AA7FB42BA0D2F600B78709 /* SceneDelegate.swift in Sources */,
				B6AA7FD42BA22B9100B78709 /* CustomAlertViewController.swift in Sources */,
				B6AA800B2BA5987200B78709 /* Date+Ext.swift in Sources */,
				B6AA7FE22BA2E6F900B78709 /* NetworkManager.swift in Sources */,
				B6AA80022BA5921200B78709 /* CustomItemInfoViewController.swift in Sources */,
				B6AA7FCA2BA0DBBA00B78709 /* CustomButton.swift in Sources */,
				B6AA80082BA5962400B78709 /* CustomFollowItemViewController.swift in Sources */,
				B6AA7FF62BA4B4E900B78709 /* UserInfoViewController.swift in Sources */,
				B6AA7FF82BA4DD5000B78709 /* CustomUserInfoHeaderViewController.swift in Sources */,
				B6AA7FD02BA229DE00B78709 /* CustomTitleLabel.swift in Sources */,
				B6AA7FCE2BA2247E00B78709 /* FollowerListViewController.swift in Sources */,
			);
			runOnlyForDeploymentPostprocessing = 0;
		};
/* End PBXSourcesBuildPhase section */

/* Begin PBXVariantGroup section */
		B6AA7FBC2BA0D2F800B78709 /* LaunchScreen.storyboard */ = {
			isa = PBXVariantGroup;
			children = (
				B6AA7FBD2BA0D2F800B78709 /* Base */,
			);
			name = LaunchScreen.storyboard;
			sourceTree = "<group>";
		};
/* End PBXVariantGroup section */

/* Begin XCBuildConfiguration section */
		B6AA7FC02BA0D2F800B78709 /* Debug */ = {
			isa = XCBuildConfiguration;
			buildSettings = {
				ALWAYS_SEARCH_USER_PATHS = NO;
				ASSETCATALOG_COMPILER_GENERATE_SWIFT_ASSET_SYMBOL_EXTENSIONS = YES;
				CLANG_ANALYZER_NONNULL = YES;
				CLANG_ANALYZER_NUMBER_OBJECT_CONVERSION = YES_AGGRESSIVE;
				CLANG_CXX_LANGUAGE_STANDARD = "gnu++20";
				CLANG_ENABLE_MODULES = YES;
				CLANG_ENABLE_OBJC_ARC = YES;
				CLANG_ENABLE_OBJC_WEAK = YES;
				CLANG_WARN_BLOCK_CAPTURE_AUTORELEASING = YES;
				CLANG_WARN_BOOL_CONVERSION = YES;
				CLANG_WARN_COMMA = YES;
				CLANG_WARN_CONSTANT_CONVERSION = YES;
				CLANG_WARN_DEPRECATED_OBJC_IMPLEMENTATIONS = YES;
				CLANG_WARN_DIRECT_OBJC_ISA_USAGE = YES_ERROR;
				CLANG_WARN_DOCUMENTATION_COMMENTS = YES;
				CLANG_WARN_EMPTY_BODY = YES;
				CLANG_WARN_ENUM_CONVERSION = YES;
				CLANG_WARN_INFINITE_RECURSION = YES;
				CLANG_WARN_INT_CONVERSION = YES;
				CLANG_WARN_NON_LITERAL_NULL_CONVERSION = YES;
				CLANG_WARN_OBJC_IMPLICIT_RETAIN_SELF = YES;
				CLANG_WARN_OBJC_LITERAL_CONVERSION = YES;
				CLANG_WARN_OBJC_ROOT_CLASS = YES_ERROR;
				CLANG_WARN_QUOTED_INCLUDE_IN_FRAMEWORK_HEADER = YES;
				CLANG_WARN_RANGE_LOOP_ANALYSIS = YES;
				CLANG_WARN_STRICT_PROTOTYPES = YES;
				CLANG_WARN_SUSPICIOUS_MOVE = YES;
				CLANG_WARN_UNGUARDED_AVAILABILITY = YES_AGGRESSIVE;
				CLANG_WARN_UNREACHABLE_CODE = YES;
				CLANG_WARN__DUPLICATE_METHOD_MATCH = YES;
				COPY_PHASE_STRIP = NO;
				DEBUG_INFORMATION_FORMAT = dwarf;
				ENABLE_STRICT_OBJC_MSGSEND = YES;
				ENABLE_TESTABILITY = YES;
				ENABLE_USER_SCRIPT_SANDBOXING = YES;
				GCC_C_LANGUAGE_STANDARD = gnu17;
				GCC_DYNAMIC_NO_PIC = NO;
				GCC_NO_COMMON_BLOCKS = YES;
				GCC_OPTIMIZATION_LEVEL = 0;
				GCC_PREPROCESSOR_DEFINITIONS = (
					"DEBUG=1",
					"$(inherited)",
				);
				GCC_WARN_64_TO_32_BIT_CONVERSION = YES;
				GCC_WARN_ABOUT_RETURN_TYPE = YES_ERROR;
				GCC_WARN_UNDECLARED_SELECTOR = YES;
				GCC_WARN_UNINITIALIZED_AUTOS = YES_AGGRESSIVE;
				GCC_WARN_UNUSED_FUNCTION = YES;
				GCC_WARN_UNUSED_VARIABLE = YES;
				IPHONEOS_DEPLOYMENT_TARGET = 17.4;
				LOCALIZATION_PREFERS_STRING_CATALOGS = YES;
				MTL_ENABLE_DEBUG_INFO = INCLUDE_SOURCE;
				MTL_FAST_MATH = YES;
				ONLY_ACTIVE_ARCH = YES;
				SDKROOT = iphoneos;
				SWIFT_ACTIVE_COMPILATION_CONDITIONS = "DEBUG $(inherited)";
				SWIFT_OPTIMIZATION_LEVEL = "-Onone";
			};
			name = Debug;
		};
		B6AA7FC12BA0D2F800B78709 /* Release */ = {
			isa = XCBuildConfiguration;
			buildSettings = {
				ALWAYS_SEARCH_USER_PATHS = NO;
				ASSETCATALOG_COMPILER_GENERATE_SWIFT_ASSET_SYMBOL_EXTENSIONS = YES;
				CLANG_ANALYZER_NONNULL = YES;
				CLANG_ANALYZER_NUMBER_OBJECT_CONVERSION = YES_AGGRESSIVE;
				CLANG_CXX_LANGUAGE_STANDARD = "gnu++20";
				CLANG_ENABLE_MODULES = YES;
				CLANG_ENABLE_OBJC_ARC = YES;
				CLANG_ENABLE_OBJC_WEAK = YES;
				CLANG_WARN_BLOCK_CAPTURE_AUTORELEASING = YES;
				CLANG_WARN_BOOL_CONVERSION = YES;
				CLANG_WARN_COMMA = YES;
				CLANG_WARN_CONSTANT_CONVERSION = YES;
				CLANG_WARN_DEPRECATED_OBJC_IMPLEMENTATIONS = YES;
				CLANG_WARN_DIRECT_OBJC_ISA_USAGE = YES_ERROR;
				CLANG_WARN_DOCUMENTATION_COMMENTS = YES;
				CLANG_WARN_EMPTY_BODY = YES;
				CLANG_WARN_ENUM_CONVERSION = YES;
				CLANG_WARN_INFINITE_RECURSION = YES;
				CLANG_WARN_INT_CONVERSION = YES;
				CLANG_WARN_NON_LITERAL_NULL_CONVERSION = YES;
				CLANG_WARN_OBJC_IMPLICIT_RETAIN_SELF = YES;
				CLANG_WARN_OBJC_LITERAL_CONVERSION = YES;
				CLANG_WARN_OBJC_ROOT_CLASS = YES_ERROR;
				CLANG_WARN_QUOTED_INCLUDE_IN_FRAMEWORK_HEADER = YES;
				CLANG_WARN_RANGE_LOOP_ANALYSIS = YES;
				CLANG_WARN_STRICT_PROTOTYPES = YES;
				CLANG_WARN_SUSPICIOUS_MOVE = YES;
				CLANG_WARN_UNGUARDED_AVAILABILITY = YES_AGGRESSIVE;
				CLANG_WARN_UNREACHABLE_CODE = YES;
				CLANG_WARN__DUPLICATE_METHOD_MATCH = YES;
				COPY_PHASE_STRIP = NO;
				DEBUG_INFORMATION_FORMAT = "dwarf-with-dsym";
				ENABLE_NS_ASSERTIONS = NO;
				ENABLE_STRICT_OBJC_MSGSEND = YES;
				ENABLE_USER_SCRIPT_SANDBOXING = YES;
				GCC_C_LANGUAGE_STANDARD = gnu17;
				GCC_NO_COMMON_BLOCKS = YES;
				GCC_WARN_64_TO_32_BIT_CONVERSION = YES;
				GCC_WARN_ABOUT_RETURN_TYPE = YES_ERROR;
				GCC_WARN_UNDECLARED_SELECTOR = YES;
				GCC_WARN_UNINITIALIZED_AUTOS = YES_AGGRESSIVE;
				GCC_WARN_UNUSED_FUNCTION = YES;
				GCC_WARN_UNUSED_VARIABLE = YES;
				IPHONEOS_DEPLOYMENT_TARGET = 17.4;
				LOCALIZATION_PREFERS_STRING_CATALOGS = YES;
				MTL_ENABLE_DEBUG_INFO = NO;
				MTL_FAST_MATH = YES;
				SDKROOT = iphoneos;
				SWIFT_COMPILATION_MODE = wholemodule;
				VALIDATE_PRODUCT = YES;
			};
			name = Release;
		};
		B6AA7FC32BA0D2F800B78709 /* Debug */ = {
			isa = XCBuildConfiguration;
			buildSettings = {
				ASSETCATALOG_COMPILER_APPICON_NAME = AppIcon;
				ASSETCATALOG_COMPILER_GLOBAL_ACCENT_COLOR_NAME = AccentColor;
				CODE_SIGN_STYLE = Automatic;
				CURRENT_PROJECT_VERSION = 1;
				DEVELOPMENT_TEAM = 3D5H55Z4KP;
				GENERATE_INFOPLIST_FILE = YES;
				INFOPLIST_FILE = GHFollowers/Info.plist;
				INFOPLIST_KEY_UIApplicationSupportsIndirectInputEvents = YES;
				INFOPLIST_KEY_UILaunchStoryboardName = LaunchScreen;
				INFOPLIST_KEY_UISupportedInterfaceOrientations = UIInterfaceOrientationPortrait;
				IPHONEOS_DEPLOYMENT_TARGET = 17.0;
				LD_RUNPATH_SEARCH_PATHS = (
					"$(inherited)",
					"@executable_path/Frameworks",
				);
				MARKETING_VERSION = 1.0;
				PRODUCT_BUNDLE_IDENTIFIER = com.zachary.GHFollowers;
				PRODUCT_NAME = "$(TARGET_NAME)";
				SUPPORTED_PLATFORMS = "iphoneos iphonesimulator";
				SUPPORTS_MACCATALYST = NO;
				SUPPORTS_MAC_DESIGNED_FOR_IPHONE_IPAD = NO;
				SUPPORTS_XR_DESIGNED_FOR_IPHONE_IPAD = NO;
				SWIFT_EMIT_LOC_STRINGS = YES;
				SWIFT_VERSION = 5.0;
				TARGETED_DEVICE_FAMILY = 1;
			};
			name = Debug;
		};
		B6AA7FC42BA0D2F800B78709 /* Release */ = {
			isa = XCBuildConfiguration;
			buildSettings = {
				ASSETCATALOG_COMPILER_APPICON_NAME = AppIcon;
				ASSETCATALOG_COMPILER_GLOBAL_ACCENT_COLOR_NAME = AccentColor;
				CODE_SIGN_STYLE = Automatic;
				CURRENT_PROJECT_VERSION = 1;
				DEVELOPMENT_TEAM = 3D5H55Z4KP;
				GENERATE_INFOPLIST_FILE = YES;
				INFOPLIST_FILE = GHFollowers/Info.plist;
				INFOPLIST_KEY_UIApplicationSupportsIndirectInputEvents = YES;
				INFOPLIST_KEY_UILaunchStoryboardName = LaunchScreen;
				INFOPLIST_KEY_UISupportedInterfaceOrientations = UIInterfaceOrientationPortrait;
				IPHONEOS_DEPLOYMENT_TARGET = 17.0;
				LD_RUNPATH_SEARCH_PATHS = (
					"$(inherited)",
					"@executable_path/Frameworks",
				);
				MARKETING_VERSION = 1.0;
				PRODUCT_BUNDLE_IDENTIFIER = com.zachary.GHFollowers;
				PRODUCT_NAME = "$(TARGET_NAME)";
				SUPPORTED_PLATFORMS = "iphoneos iphonesimulator";
				SUPPORTS_MACCATALYST = NO;
				SUPPORTS_MAC_DESIGNED_FOR_IPHONE_IPAD = NO;
				SUPPORTS_XR_DESIGNED_FOR_IPHONE_IPAD = NO;
				SWIFT_EMIT_LOC_STRINGS = YES;
				SWIFT_VERSION = 5.0;
				TARGETED_DEVICE_FAMILY = 1;
			};
			name = Release;
		};
/* End XCBuildConfiguration section */

/* Begin XCConfigurationList section */
		B6AA7FA92BA0D2F600B78709 /* Build configuration list for PBXProject "GHFollowers" */ = {
			isa = XCConfigurationList;
			buildConfigurations = (
				B6AA7FC02BA0D2F800B78709 /* Debug */,
				B6AA7FC12BA0D2F800B78709 /* Release */,
			);
			defaultConfigurationIsVisible = 0;
			defaultConfigurationName = Release;
		};
		B6AA7FC22BA0D2F800B78709 /* Build configuration list for PBXNativeTarget "GHFollowers" */ = {
			isa = XCConfigurationList;
			buildConfigurations = (
				B6AA7FC32BA0D2F800B78709 /* Debug */,
				B6AA7FC42BA0D2F800B78709 /* Release */,
			);
			defaultConfigurationIsVisible = 0;
			defaultConfigurationName = Release;
		};
/* End XCConfigurationList section */
	};
	rootObject = B6AA7FA62BA0D2F600B78709 /* Project object */;
}
